
Microsoft Visual Studio Solution File, Format Version 12.00
# Visual Studio 15
VisualStudioVersion = 15.0.28307.421
MinimumVisualStudioVersion = 10.0.40219.1
Project("{FAE04EC0-301F-11D3-BF4B-00C04F79EFBC}") = "BlogApplication", "BlogApplication\BlogApplication.csproj", "{B4DBA8B8-D56E-4384-BC84-27DF3A28D637}"
EndProject
Global
	GlobalSection(SolutionConfigurationPlatforms) = preSolution
		Debug|Any CPU = Debug|Any CPU
		Release|Any CPU = Release|Any CPU
	EndGlobalSection
	GlobalSection(ProjectConfigurationPlatforms) = postSolution
		{B4DBA8B8-D56E-4384-BC84-27DF3A28D637}.Debug|Any CPU.ActiveCfg = Debug|Any CPU
		{B4DBA8B8-D56E-4384-BC84-27DF3A28D637}.Debug|Any CPU.Build.0 = Debug|Any CPU
		{B4DBA8B8-D56E-4384-BC84-27DF3A28D637}.Release|Any CPU.ActiveCfg = Release|Any CPU
		{B4DBA8B8-D56E-4384-BC84-27DF3A28D637}.Release|Any CPU.Build.0 = Release|Any CPU
	EndGlobalSection
	GlobalSection(SolutionProperties) = preSolution
		HideSolutionNode = FALSE
	EndGlobalSection
	GlobalSection(ExtensibilityGlobals) = postSolution
		SolutionGuid = {53C210F5-F3B7-4D93-A7B9-0DAC32EE3AB1}
	EndGlobalSection
EndGlobal
